
Microsoft Visual Studio Solution File, Format Version 12.00
# Visual Studio Version 16
VisualStudioVersion = 16.0.32407.337
MinimumVisualStudioVersion = 10.0.40219.1
Project("{FAE04EC0-301F-11D3-BF4B-00C04F79EFBC}") = "Task13", "Task13\Task13.csproj", "{578E9795-8F07-42F9-A708-2C88561F7A7F}"
EndProject
Global
	GlobalSection(SolutionConfigurationPlatforms) = preSolution
		Debug|Any CPU = Debug|Any CPU
		Release|Any CPU = Release|Any CPU
	EndGlobalSection
	GlobalSection(ProjectConfigurationPlatforms) = postSolution
		{578E9795-8F07-42F9-A708-2C88561F7A7F}.Debug|Any CPU.ActiveCfg = Debug|Any CPU
		{578E9795-8F07-42F9-A708-2C88561F7A7F}.Debug|Any CPU.Build.0 = Debug|Any CPU
		{578E9795-8F07-42F9-A708-2C88561F7A7F}.Release|Any CPU.ActiveCfg = Release|Any CPU
		{578E9795-8F07-42F9-A708-2C88561F7A7F}.Release|Any CPU.Build.0 = Release|Any CPU
	EndGlobalSection
	GlobalSection(SolutionProperties) = preSolution
		HideSolutionNode = FALSE
	EndGlobalSection
	GlobalSection(ExtensibilityGlobals) = postSolution
		SolutionGuid = {FF77A3F7-4633-4425-861E-B5D2DF5430E3}
	EndGlobalSection
EndGlobal
