
Microsoft Visual Studio Solution File, Format Version 12.00
# Visual Studio Version 16
VisualStudioVersion = 16.0.32407.337
MinimumVisualStudioVersion = 10.0.40219.1
Project("{FAE04EC0-301F-11D3-BF4B-00C04F79EFBC}") = "Task10", "Task10\Task10.csproj", "{2BD0A13D-D6CE-47D0-B2F8-1A232F427EB0}"
EndProject
Global
	GlobalSection(SolutionConfigurationPlatforms) = preSolution
		Debug|Any CPU = Debug|Any CPU
		Release|Any CPU = Release|Any CPU
	EndGlobalSection
	GlobalSection(ProjectConfigurationPlatforms) = postSolution
		{2BD0A13D-D6CE-47D0-B2F8-1A232F427EB0}.Debug|Any CPU.ActiveCfg = Debug|Any CPU
		{2BD0A13D-D6CE-47D0-B2F8-1A232F427EB0}.Debug|Any CPU.Build.0 = Debug|Any CPU
		{2BD0A13D-D6CE-47D0-B2F8-1A232F427EB0}.Release|Any CPU.ActiveCfg = Release|Any CPU
		{2BD0A13D-D6CE-47D0-B2F8-1A232F427EB0}.Release|Any CPU.Build.0 = Release|Any CPU
	EndGlobalSection
	GlobalSection(SolutionProperties) = preSolution
		HideSolutionNode = FALSE
	EndGlobalSection
	GlobalSection(ExtensibilityGlobals) = postSolution
		SolutionGuid = {733526E5-1144-4F91-96F1-C838208A9871}
	EndGlobalSection
EndGlobal
