
Microsoft Visual Studio Solution File, Format Version 12.00
# Visual Studio Version 16
VisualStudioVersion = 16.0.32407.337
MinimumVisualStudioVersion = 10.0.40219.1
Project("{FAE04EC0-301F-11D3-BF4B-00C04F79EFBC}") = "Task11", "Task11\Task11.csproj", "{5568E5DC-EF7C-4607-85B2-83847DA581DB}"
EndProject
Global
	GlobalSection(SolutionConfigurationPlatforms) = preSolution
		Debug|Any CPU = Debug|Any CPU
		Release|Any CPU = Release|Any CPU
	EndGlobalSection
	GlobalSection(ProjectConfigurationPlatforms) = postSolution
		{5568E5DC-EF7C-4607-85B2-83847DA581DB}.Debug|Any CPU.ActiveCfg = Debug|Any CPU
		{5568E5DC-EF7C-4607-85B2-83847DA581DB}.Debug|Any CPU.Build.0 = Debug|Any CPU
		{5568E5DC-EF7C-4607-85B2-83847DA581DB}.Release|Any CPU.ActiveCfg = Release|Any CPU
		{5568E5DC-EF7C-4607-85B2-83847DA581DB}.Release|Any CPU.Build.0 = Release|Any CPU
	EndGlobalSection
	GlobalSection(SolutionProperties) = preSolution
		HideSolutionNode = FALSE
	EndGlobalSection
	GlobalSection(ExtensibilityGlobals) = postSolution
		SolutionGuid = {3D3336CF-23D3-4663-812F-8DC8E6F51456}
	EndGlobalSection
EndGlobal
