
Microsoft Visual Studio Solution File, Format Version 12.00
# Visual Studio Version 16
VisualStudioVersion = 16.0.32407.337
MinimumVisualStudioVersion = 10.0.40219.1
Project("{FAE04EC0-301F-11D3-BF4B-00C04F79EFBC}") = "Task16", "Task16\Task16.csproj", "{E486FCDD-ED38-4E67-9951-2CF99C92BC27}"
EndProject
Global
	GlobalSection(SolutionConfigurationPlatforms) = preSolution
		Debug|Any CPU = Debug|Any CPU
		Release|Any CPU = Release|Any CPU
	EndGlobalSection
	GlobalSection(ProjectConfigurationPlatforms) = postSolution
		{E486FCDD-ED38-4E67-9951-2CF99C92BC27}.Debug|Any CPU.ActiveCfg = Debug|Any CPU
		{E486FCDD-ED38-4E67-9951-2CF99C92BC27}.Debug|Any CPU.Build.0 = Debug|Any CPU
		{E486FCDD-ED38-4E67-9951-2CF99C92BC27}.Release|Any CPU.ActiveCfg = Release|Any CPU
		{E486FCDD-ED38-4E67-9951-2CF99C92BC27}.Release|Any CPU.Build.0 = Release|Any CPU
	EndGlobalSection
	GlobalSection(SolutionProperties) = preSolution
		HideSolutionNode = FALSE
	EndGlobalSection
	GlobalSection(ExtensibilityGlobals) = postSolution
		SolutionGuid = {E898C2FB-07AA-4FB3-A83E-C729D48608EA}
	EndGlobalSection
EndGlobal
