
Microsoft Visual Studio Solution File, Format Version 12.00
# Visual Studio Version 16
VisualStudioVersion = 16.0.32407.337
MinimumVisualStudioVersion = 10.0.40219.1
Project("{FAE04EC0-301F-11D3-BF4B-00C04F79EFBC}") = "Task2", "Task2\Task2.csproj", "{6C237084-BD50-46F6-986A-0809934CEAE4}"
EndProject
Global
	GlobalSection(SolutionConfigurationPlatforms) = preSolution
		Debug|Any CPU = Debug|Any CPU
		Release|Any CPU = Release|Any CPU
	EndGlobalSection
	GlobalSection(ProjectConfigurationPlatforms) = postSolution
		{6C237084-BD50-46F6-986A-0809934CEAE4}.Debug|Any CPU.ActiveCfg = Debug|Any CPU
		{6C237084-BD50-46F6-986A-0809934CEAE4}.Debug|Any CPU.Build.0 = Debug|Any CPU
		{6C237084-BD50-46F6-986A-0809934CEAE4}.Release|Any CPU.ActiveCfg = Release|Any CPU
		{6C237084-BD50-46F6-986A-0809934CEAE4}.Release|Any CPU.Build.0 = Release|Any CPU
	EndGlobalSection
	GlobalSection(SolutionProperties) = preSolution
		HideSolutionNode = FALSE
	EndGlobalSection
	GlobalSection(ExtensibilityGlobals) = postSolution
		SolutionGuid = {DCD5AE09-102D-4FA6-B05E-8582435E7622}
	EndGlobalSection
EndGlobal
