
Microsoft Visual Studio Solution File, Format Version 12.00
# Visual Studio Version 16
VisualStudioVersion = 16.0.32407.337
MinimumVisualStudioVersion = 10.0.40219.1
Project("{FAE04EC0-301F-11D3-BF4B-00C04F79EFBC}") = "Task12", "Task12\Task12.csproj", "{D65F767B-7223-44AA-B79C-7CD524B16C70}"
EndProject
Global
	GlobalSection(SolutionConfigurationPlatforms) = preSolution
		Debug|Any CPU = Debug|Any CPU
		Release|Any CPU = Release|Any CPU
	EndGlobalSection
	GlobalSection(ProjectConfigurationPlatforms) = postSolution
		{D65F767B-7223-44AA-B79C-7CD524B16C70}.Debug|Any CPU.ActiveCfg = Debug|Any CPU
		{D65F767B-7223-44AA-B79C-7CD524B16C70}.Debug|Any CPU.Build.0 = Debug|Any CPU
		{D65F767B-7223-44AA-B79C-7CD524B16C70}.Release|Any CPU.ActiveCfg = Release|Any CPU
		{D65F767B-7223-44AA-B79C-7CD524B16C70}.Release|Any CPU.Build.0 = Release|Any CPU
	EndGlobalSection
	GlobalSection(SolutionProperties) = preSolution
		HideSolutionNode = FALSE
	EndGlobalSection
	GlobalSection(ExtensibilityGlobals) = postSolution
		SolutionGuid = {3617F176-5B33-4292-BDF9-7762C5BEA951}
	EndGlobalSection
EndGlobal
