
Microsoft Visual Studio Solution File, Format Version 12.00
# Visual Studio Version 16
VisualStudioVersion = 16.0.32407.337
MinimumVisualStudioVersion = 10.0.40219.1
Project("{FAE04EC0-301F-11D3-BF4B-00C04F79EFBC}") = "Task17", "Task17\Task17.csproj", "{01205AB7-0971-422E-8E20-7CAE71D400A7}"
EndProject
Global
	GlobalSection(SolutionConfigurationPlatforms) = preSolution
		Debug|Any CPU = Debug|Any CPU
		Release|Any CPU = Release|Any CPU
	EndGlobalSection
	GlobalSection(ProjectConfigurationPlatforms) = postSolution
		{01205AB7-0971-422E-8E20-7CAE71D400A7}.Debug|Any CPU.ActiveCfg = Debug|Any CPU
		{01205AB7-0971-422E-8E20-7CAE71D400A7}.Debug|Any CPU.Build.0 = Debug|Any CPU
		{01205AB7-0971-422E-8E20-7CAE71D400A7}.Release|Any CPU.ActiveCfg = Release|Any CPU
		{01205AB7-0971-422E-8E20-7CAE71D400A7}.Release|Any CPU.Build.0 = Release|Any CPU
	EndGlobalSection
	GlobalSection(SolutionProperties) = preSolution
		HideSolutionNode = FALSE
	EndGlobalSection
	GlobalSection(ExtensibilityGlobals) = postSolution
		SolutionGuid = {9BC65F4B-575F-4403-8BDE-03C247FA0589}
	EndGlobalSection
EndGlobal
